
Microsoft Visual Studio Solution File, Format Version 12.00
# Visual Studio Version 17
VisualStudioVersion = 17.6.33815.320
MinimumVisualStudioVersion = 10.0.40219.1
Project("{FAE04EC0-301F-11D3-BF4B-00C04F79EFBC}") = "Client", "Client\Client.csproj", "{875F0FA4-DC0C-430C-89D5-742F94429AEB}"
EndProject
Project("{FAE04EC0-301F-11D3-BF4B-00C04F79EFBC}") = "Models", "Models\Models.csproj", "{02E4D80E-1CE0-4D7C-9459-C02B3940C7AF}"
EndProject
Project("{FAE04EC0-301F-11D3-BF4B-00C04F79EFBC}") = "Server", "Server\Server.csproj", "{DB59DF39-0787-4A16-99A2-9F79BE6009C6}"
EndProject
Global
	GlobalSection(SolutionConfigurationPlatforms) = preSolution
		Debug|Any CPU = Debug|Any CPU
		Release|Any CPU = Release|Any CPU
	EndGlobalSection
	GlobalSection(ProjectConfigurationPlatforms) = postSolution
		{875F0FA4-DC0C-430C-89D5-742F94429AEB}.Debug|Any CPU.ActiveCfg = Debug|Any CPU
		{875F0FA4-DC0C-430C-89D5-742F94429AEB}.Debug|Any CPU.Build.0 = Debug|Any CPU
		{875F0FA4-DC0C-430C-89D5-742F94429AEB}.Release|Any CPU.ActiveCfg = Release|Any CPU
		{875F0FA4-DC0C-430C-89D5-742F94429AEB}.Release|Any CPU.Build.0 = Release|Any CPU
		{02E4D80E-1CE0-4D7C-9459-C02B3940C7AF}.Debug|Any CPU.ActiveCfg = Debug|Any CPU
		{02E4D80E-1CE0-4D7C-9459-C02B3940C7AF}.Debug|Any CPU.Build.0 = Debug|Any CPU
		{02E4D80E-1CE0-4D7C-9459-C02B3940C7AF}.Release|Any CPU.ActiveCfg = Release|Any CPU
		{02E4D80E-1CE0-4D7C-9459-C02B3940C7AF}.Release|Any CPU.Build.0 = Release|Any CPU
		{DB59DF39-0787-4A16-99A2-9F79BE6009C6}.Debug|Any CPU.ActiveCfg = Debug|Any CPU
		{DB59DF39-0787-4A16-99A2-9F79BE6009C6}.Debug|Any CPU.Build.0 = Debug|Any CPU
		{DB59DF39-0787-4A16-99A2-9F79BE6009C6}.Release|Any CPU.ActiveCfg = Release|Any CPU
		{DB59DF39-0787-4A16-99A2-9F79BE6009C6}.Release|Any CPU.Build.0 = Release|Any CPU
	EndGlobalSection
	GlobalSection(SolutionProperties) = preSolution
		HideSolutionNode = FALSE
	EndGlobalSection
	GlobalSection(ExtensibilityGlobals) = postSolution
		SolutionGuid = {B434FD27-FACF-48A4-AF0B-338218BE1CA7}
	EndGlobalSection
EndGlobal
